
Microsoft Visual Studio Solution File, Format Version 12.00
# Visual Studio Version 16
VisualStudioVersion = 16.0.29519.87
MinimumVisualStudioVersion = 10.0.40219.1
Project("{FAE04EC0-301F-11D3-BF4B-00C04F79EFBC}") = "Student_UI", "Student_UI.csproj", "{30D85E5D-BDE7-4540-B1BB-81DDF1DBB6D7}"
EndProject
Project("{9A19103F-16F7-4668-BE54-9A1E7A4F7556}") = "Stu.BLL", "..\Stu.BLL\Stu.BLL.csproj", "{01BFF77B-AC0D-4440-91AA-BC503AA5D049}"
EndProject
Project("{9A19103F-16F7-4668-BE54-9A1E7A4F7556}") = "Stu.DAL", "..\Stu.DAL\Stu.DAL.csproj", "{0A84A9BC-14D1-4767-A458-100DD7022672}"
EndProject
Project("{9A19103F-16F7-4668-BE54-9A1E7A4F7556}") = "Stu.Models", "..\Stu.Models\Stu.Models.csproj", "{23E04C45-EFBC-4BF7-97E9-F2B68691E14E}"
EndProject
Global
	GlobalSection(SolutionConfigurationPlatforms) = preSolution
		Debug|Any CPU = Debug|Any CPU
		Release|Any CPU = Release|Any CPU
	EndGlobalSection
	GlobalSection(ProjectConfigurationPlatforms) = postSolution
		{30D85E5D-BDE7-4540-B1BB-81DDF1DBB6D7}.Debug|Any CPU.ActiveCfg = Debug|Any CPU
		{30D85E5D-BDE7-4540-B1BB-81DDF1DBB6D7}.Debug|Any CPU.Build.0 = Debug|Any CPU
		{30D85E5D-BDE7-4540-B1BB-81DDF1DBB6D7}.Release|Any CPU.ActiveCfg = Release|Any CPU
		{30D85E5D-BDE7-4540-B1BB-81DDF1DBB6D7}.Release|Any CPU.Build.0 = Release|Any CPU
		{01BFF77B-AC0D-4440-91AA-BC503AA5D049}.Debug|Any CPU.ActiveCfg = Debug|Any CPU
		{01BFF77B-AC0D-4440-91AA-BC503AA5D049}.Debug|Any CPU.Build.0 = Debug|Any CPU
		{01BFF77B-AC0D-4440-91AA-BC503AA5D049}.Release|Any CPU.ActiveCfg = Release|Any CPU
		{01BFF77B-AC0D-4440-91AA-BC503AA5D049}.Release|Any CPU.Build.0 = Release|Any CPU
		{0A84A9BC-14D1-4767-A458-100DD7022672}.Debug|Any CPU.ActiveCfg = Debug|Any CPU
		{0A84A9BC-14D1-4767-A458-100DD7022672}.Debug|Any CPU.Build.0 = Debug|Any CPU
		{0A84A9BC-14D1-4767-A458-100DD7022672}.Release|Any CPU.ActiveCfg = Release|Any CPU
		{0A84A9BC-14D1-4767-A458-100DD7022672}.Release|Any CPU.Build.0 = Release|Any CPU
		{23E04C45-EFBC-4BF7-97E9-F2B68691E14E}.Debug|Any CPU.ActiveCfg = Debug|Any CPU
		{23E04C45-EFBC-4BF7-97E9-F2B68691E14E}.Debug|Any CPU.Build.0 = Debug|Any CPU
		{23E04C45-EFBC-4BF7-97E9-F2B68691E14E}.Release|Any CPU.ActiveCfg = Release|Any CPU
		{23E04C45-EFBC-4BF7-97E9-F2B68691E14E}.Release|Any CPU.Build.0 = Release|Any CPU
	EndGlobalSection
	GlobalSection(SolutionProperties) = preSolution
		HideSolutionNode = FALSE
	EndGlobalSection
	GlobalSection(ExtensibilityGlobals) = postSolution
		SolutionGuid = {B5D6670B-F00C-405E-A12F-BED5E0BDC9DC}
	EndGlobalSection
EndGlobal
